{
    "_readme": [
        "This file locks the dependencies of your project to a known state",
        "Read more about it at https://getcomposer.org/doc/01-basic-usage.md#composer-lock-the-lock-file",
        "This file is @generated automatically"
    ],
    "hash": "595f459fd066acd648e9cbd4fe8e0bfa",
    "content-hash": "01c4a7afd0e45afc4ebafa254bd6f2b1",
    "packages": [
        {
            "name": "beberlei/assert",
            "version": "v2.9.6",
            "source": {
                "type": "git",
                "url": "https://github.com/beberlei/assert.git",
                "reference": "ec9e4cf0b63890edce844ee3922e2b95a526e936"
            },
            "dist": {
                "type": "zip",
                "url": "https://api.github.com/repos/beberlei/assert/zipball/ec9e4cf0b63890edce844ee3922e2b95a526e936",
                "reference": "ec9e4cf0b63890edce844ee3922e2b95a526e936",
                "shasum": ""
            },
            "require": {
                "ext-mbstring": "*",
                "php": ">=5.3"
            },
            "require-dev": {
                "friendsofphp/php-cs-fixer": "^2.1.1",
                "phpunit/phpunit": "^4.8.35|^5.7"
            },
            "type": "library",
            "autoload": {
                "psr-4": {
                    "Assert\\": "lib/Assert"
                },
                "files": [
                    "lib/Assert/functions.php"
                ]
            },
            "notification-url": "https://packagist.org/downloads/",
            "license": [
                "BSD-2-Clause"
            ],
            "authors": [
                {
                    "name": "Benjamin Eberlei",
                    "email": "kontakt@beberlei.de",
                    "role": "Lead Developer"
                },
                {
                    "name": "Richard Quadling",
                    "email": "rquadling@gmail.com",
                    "role": "Collaborator"
                }
            ],
            "description": "Thin assertion library for input validation in business models.",
            "keywords": [
                "assert",
                "assertion",
                "validation"
            ],
            "time": "2018-06-11 17:15:25"
        },
        {
            "name": "doctrine/annotations",
            "version": "v1.6.0",
            "source": {
                "type": "git",
                "url": "https://github.com/doctrine/annotations.git",
                "reference": "c7f2050c68a9ab0bdb0f98567ec08d80ea7d24d5"
            },
            "dist": {
                "type": "zip",
                "url": "https://api.github.com/repos/doctrine/annotations/zipball/c7f2050c68a9ab0bdb0f98567ec08d80ea7d24d5",
                "reference": "c7f2050c68a9ab0bdb0f98567ec08d80ea7d24d5",
                "shasum": ""
            },
            "require": {
                "doctrine/lexer": "1.*",
                "php": "^7.1"
            },
            "require-dev": {
                "doctrine/cache": "1.*",
                "phpunit/phpunit": "^6.4"
            },
            "type": "library",
            "extra": {
                "branch-alias": {
                    "dev-master": "1.6.x-dev"
                }
            },
            "autoload": {
                "psr-4": {
                    "Doctrine\\Common\\Annotations\\": "lib/Doctrine/Common/Annotations"
                }
            },
            "notification-url": "https://packagist.org/downloads/",
            "license": [
                "MIT"
            ],
            "authors": [
                {
                    "name": "Roman Borschel",
                    "email": "roman@code-factory.org"
                },
                {
                    "name": "Benjamin Eberlei",
                    "email": "kontakt@beberlei.de"
                },
                {
                    "name": "Guilherme Blanco",
                    "email": "guilhermeblanco@gmail.com"
                },
                {
                    "name": "Jonathan Wage",
                    "email": "jonwage@gmail.com"
                },
                {
                    "name": "Johannes Schmitt",
                    "email": "schmittjoh@gmail.com"
                }
            ],
            "description": "Docblock Annotations Parser",
            "homepage": "http://www.doctrine-project.org",
            "keywords": [
                "annotations",
                "docblock",
                "parser"
            ],
            "time": "2017-12-06 07:11:42"
        },
        {
            "name": "doctrine/lexer",
            "version": "v1.0.1",
            "source": {
                "type": "git",
                "url": "https://github.com/doctrine/lexer.git",
                "reference": "83893c552fd2045dd78aef794c31e694c37c0b8c"
            },
            "dist": {
                "type": "zip",
                "url": "https://api.github.com/repos/doctrine/lexer/zipball/83893c552fd2045dd78aef794c31e694c37c0b8c",
                "reference": "83893c552fd2045dd78aef794c31e694c37c0b8c",
                "shasum": ""
            },
            "require": {
                "php": ">=5.3.2"
            },
            "type": "library",
            "extra": {
                "branch-alias": {
                    "dev-master": "1.0.x-dev"
                }
            },
            "autoload": {
                "psr-0": {
                    "Doctrine\\Common\\Lexer\\": "lib/"
                }
            },
            "notification-url": "https://packagist.org/downloads/",
            "license": [
                "MIT"
            ],
            "authors": [
                {
                    "name": "Roman Borschel",
                    "email": "roman@code-factory.org"
                },
                {
                    "name": "Guilherme Blanco",
                    "email": "guilhermeblanco@gmail.com"
                },
                {
                    "name": "Johannes Schmitt",
                    "email": "schmittjoh@gmail.com"
                }
            ],
            "description": "Base library for a lexer that can be used in Top-Down, Recursive Descent Parsers.",
            "homepage": "http://www.doctrine-project.org",
            "keywords": [
                "lexer",
                "parser"
            ],
            "time": "2014-09-09 13:34:57"
        },
        {
            "name": "lstrojny/functional-php",
            "version": "1.8.0",
            "source": {
                "type": "git",
                "url": "https://github.com/lstrojny/functional-php.git",
                "reference": "7d677bbc1dbf8338946cd3b31f0d5c2beb2b5a26"
            },
            "dist": {
                "type": "zip",
                "url": "https://api.github.com/repos/lstrojny/functional-php/zipball/7d677bbc1dbf8338946cd3b31f0d5c2beb2b5a26",
                "reference": "7d677bbc1dbf8338946cd3b31f0d5c2beb2b5a26",
                "shasum": ""
            },
            "require": {
                "php": "~7"
            },
            "require-dev": {
                "phpunit/phpunit": "~6"
            },
            "type": "library",
            "extra": {
                "branch-alias": {
                    "dev-master": "1.2-dev"
                }
            },
            "autoload": {
                "psr-4": {
                    "Functional\\": "src/Functional"
                },
                "files": [
                    "src/Functional/Average.php",
                    "src/Functional/ButLast.php",
                    "src/Functional/Capture.php",
                    "src/Functional/ConstFunction.php",
                    "src/Functional/CompareOn.php",
                    "src/Functional/CompareObjectHashOn.php",
                    "src/Functional/Compose.php",
                    "src/Functional/Concat.php",
                    "src/Functional/Contains.php",
                    "src/Functional/Curry.php",
                    "src/Functional/CurryN.php",
                    "src/Functional/Difference.php",
                    "src/Functional/DropFirst.php",
                    "src/Functional/DropLast.php",
                    "src/Functional/Each.php",
                    "src/Functional/Equal.php",
                    "src/Functional/ErrorToException.php",
                    "src/Functional/Every.php",
                    "src/Functional/False.php",
                    "src/Functional/Falsy.php",
                    "src/Functional/Filter.php",
                    "src/Functional/First.php",
                    "src/Functional/FirstIndexOf.php",
                    "src/Functional/FlatMap.php",
                    "src/Functional/Flatten.php",
                    "src/Functional/Flip.php",
                    "src/Functional/GreaterThan.php",
                    "src/Functional/GreaterThanOrEqual.php",
                    "src/Functional/Group.php",
                    "src/Functional/Head.php",
                    "src/Functional/Id.php",
                    "src/Functional/IfElse.php",
                    "src/Functional/Identical.php",
                    "src/Functional/IndexesOf.php",
                    "src/Functional/Intersperse.php",
                    "src/Functional/Invoke.php",
                    "src/Functional/InvokeFirst.php",
                    "src/Functional/InvokeIf.php",
                    "src/Functional/InvokeLast.php",
                    "src/Functional/Invoker.php",
                    "src/Functional/Last.php",
                    "src/Functional/LastIndexOf.php",
                    "src/Functional/LessThan.php",
                    "src/Functional/LessThanOrEqual.php",
                    "src/Functional/LexicographicCompare.php",
                    "src/Functional/Map.php",
                    "src/Functional/Match.php",
                    "src/Functional/Maximum.php",
                    "src/Functional/Memoize.php",
                    "src/Functional/Minimum.php",
                    "src/Functional/None.php",
                    "src/Functional/Not.php",
                    "src/Functional/PartialAny.php",
                    "src/Functional/PartialLeft.php",
                    "src/Functional/PartialMethod.php",
                    "src/Functional/PartialRight.php",
                    "src/Functional/Partition.php",
                    "src/Functional/Pick.php",
                    "src/Functional/Pluck.php",
                    "src/Functional/Poll.php",
                    "src/Functional/Product.php",
                    "src/Functional/Ratio.php",
                    "src/Functional/ReduceLeft.php",
                    "src/Functional/ReduceRight.php",
                    "src/Functional/Reindex.php",
                    "src/Functional/Reject.php",
                    "src/Functional/Retry.php",
                    "src/Functional/Select.php",
                    "src/Functional/SelectKeys.php",
                    "src/Functional/SequenceConstant.php",
                    "src/Functional/SequenceExponential.php",
                    "src/Functional/SequenceLinear.php",
                    "src/Functional/Some.php",
                    "src/Functional/Sort.php",
                    "src/Functional/Sum.php",
                    "src/Functional/SuppressError.php",
                    "src/Functional/Tap.php",
                    "src/Functional/Tail.php",
                    "src/Functional/TailRecursion.php",
                    "src/Functional/True.php",
                    "src/Functional/Truthy.php",
                    "src/Functional/Unique.php",
                    "src/Functional/With.php",
                    "src/Functional/Zip.php",
                    "src/Functional/ZipAll.php"
                ]
            },
            "notification-url": "https://packagist.org/downloads/",
            "license": [
                "MIT"
            ],
            "authors": [
                {
                    "name": "Lars Strojny",
                    "email": "lstrojny@php.net",
                    "homepage": "http://usrportage.de"
                },
                {
                    "name": "Max Beutel",
                    "email": "nash12@gmail.com"
                }
            ],
            "description": "Functional primitives for PHP",
            "keywords": [
                "functional"
            ],
            "time": "2018-03-19 16:14:14"
        },
        {
            "name": "phpbench/container",
            "version": "1.2",
            "source": {
                "type": "git",
                "url": "https://github.com/phpbench/container.git",
                "reference": "c0e3cbf1cd8f867c70b029cb6d1b0b39fe6d409d"
            },
            "dist": {
                "type": "zip",
                "url": "https://api.github.com/repos/phpbench/container/zipball/c0e3cbf1cd8f867c70b029cb6d1b0b39fe6d409d",
                "reference": "c0e3cbf1cd8f867c70b029cb6d1b0b39fe6d409d",
                "shasum": ""
            },
            "require": {
                "psr/container": "^1.0"
            },
            "require-dev": {
                "phpunit/phpunit": "^4.8.36"
            },
            "type": "library",
            "extra": {
                "branch-alias": {
                    "dev-master": "1.0-dev"
                }
            },
            "autoload": {
                "psr-4": {
                    "PhpBench\\DependencyInjection\\": "lib/"
                }
            },
            "notification-url": "https://packagist.org/downloads/",
            "license": [
                "MIT"
            ],
            "authors": [
                {
                    "name": "Daniel Leech",
                    "email": "daniel@dantleech.com"
                }
            ],
            "description": "Simple, configurable, service container.",
            "time": "2018-02-12 08:08:59"
        },
        {
            "name": "phpbench/dom",
            "version": "0.2.0",
            "source": {
                "type": "git",
                "url": "https://github.com/phpbench/dom.git",
                "reference": "b135378dd0004c05ba5446aeddaf0b83339c1c4c"
            },
            "dist": {
                "type": "zip",
                "url": "https://api.github.com/repos/phpbench/dom/zipball/b135378dd0004c05ba5446aeddaf0b83339c1c4c",
                "reference": "b135378dd0004c05ba5446aeddaf0b83339c1c4c",
                "shasum": ""
            },
            "require": {
                "ext-dom": "*",
                "php": "^5.4|^7.0"
            },
            "require-dev": {
                "phpunit/phpunit": "^4.6"
            },
            "type": "library",
            "extra": {
                "branch-alias": {
                    "dev-master": "1.0-dev"
                }
            },
            "autoload": {
                "psr-4": {
                    "PhpBench\\Dom\\": "lib/"
                }
            },
            "notification-url": "https://packagist.org/downloads/",
            "license": [
                "MIT"
            ],
            "authors": [
                {
                    "name": "Daniel Leech",
                    "email": "daniel@dantleech.com"
                }
            ],
            "description": "DOM wrapper to simplify working with the PHP DOM implementation",
            "time": "2016-02-27 12:15:56"
        },
        {
            "name": "phpbench/phpbench",
            "version": "0.14.0",
            "source": {
                "type": "git",
                "url": "https://github.com/phpbench/phpbench.git",
                "reference": "ea2c7ca1cdbfa952b8d50c4f36fc233dbfabe3c9"
            },
            "dist": {
                "type": "zip",
                "url": "https://api.github.com/repos/phpbench/phpbench/zipball/ea2c7ca1cdbfa952b8d50c4f36fc233dbfabe3c9",
                "reference": "ea2c7ca1cdbfa952b8d50c4f36fc233dbfabe3c9",
                "shasum": ""
            },
            "require": {
                "beberlei/assert": "^2.4",
                "doctrine/annotations": "^1.2.7",
                "ext-dom": "*",
                "ext-json": "*",
                "ext-pcre": "*",
                "ext-reflection": "*",
                "ext-spl": "*",
                "lstrojny/functional-php": "1.0|^1.2.3",
                "php": "^7.0",
                "phpbench/container": "~1.0",
                "phpbench/dom": "~0.2.0",
                "seld/jsonlint": "^1.0",
                "symfony/console": "^2.6|^3.0|^4.0",
                "symfony/debug": "^2.4|^3.0|^4.0",
                "symfony/filesystem": "^2.4|^3.0|^4.0",
                "symfony/finder": "^2.4|^3.0|^4.0",
                "symfony/options-resolver": "^2.6|^3.0|^4.0",
                "symfony/process": "^2.1|^3.0|^4.0"
            },
            "require-dev": {
                "doctrine/dbal": "^2.4",
                "liip/rmt": "^1.2",
                "padraic/phar-updater": "^1.0",
                "phpstan/phpstan": "^0.8.5",
                "phpunit/phpunit": "^6.0"
            },
            "suggest": {
                "ext-xdebug": "For XDebug profiling extension."
            },
            "bin": [
                "bin/phpbench"
            ],
            "type": "library",
            "extra": {
                "branch-alias": {
                    "dev-master": "1.0-dev"
                }
            },
            "autoload": {
                "psr-4": {
                    "PhpBench\\": "lib/",
                    "PhpBench\\Extensions\\Dbal\\": "extensions/dbal/lib/",
                    "PhpBench\\Extensions\\XDebug\\": "extensions/xdebug/lib/"
                }
            },
            "notification-url": "https://packagist.org/downloads/",
            "license": [
                "MIT"
            ],
            "authors": [
                {
                    "name": "Daniel Leech",
                    "email": "daniel@dantleech.com"
                }
            ],
            "description": "PHP Benchmarking Framework",
            "time": "2017-12-05 15:55:57"
        },
        {
            "name": "psr/container",
            "version": "1.0.0",
            "source": {
                "type": "git",
                "url": "https://github.com/php-fig/container.git",
                "reference": "b7ce3b176482dbbc1245ebf52b181af44c2cf55f"
            },
            "dist": {
                "type": "zip",
                "url": "https://api.github.com/repos/php-fig/container/zipball/b7ce3b176482dbbc1245ebf52b181af44c2cf55f",
                "reference": "b7ce3b176482dbbc1245ebf52b181af44c2cf55f",
                "shasum": ""
            },
            "require": {
                "php": ">=5.3.0"
            },
            "type": "library",
            "extra": {
                "branch-alias": {
                    "dev-master": "1.0.x-dev"
                }
            },
            "autoload": {
                "psr-4": {
                    "Psr\\Container\\": "src/"
                }
            },
            "notification-url": "https://packagist.org/downloads/",
            "license": [
                "MIT"
            ],
            "authors": [
                {
                    "name": "PHP-FIG",
                    "homepage": "http://www.php-fig.org/"
                }
            ],
            "description": "Common Container Interface (PHP FIG PSR-11)",
            "homepage": "https://github.com/php-fig/container",
            "keywords": [
                "PSR-11",
                "container",
                "container-interface",
                "container-interop",
                "psr"
            ],
            "time": "2017-02-14 16:28:37"
        },
        {
            "name": "psr/log",
            "version": "1.0.2",
            "source": {
                "type": "git",
                "url": "https://github.com/php-fig/log.git",
                "reference": "4ebe3a8bf773a19edfe0a84b6585ba3d401b724d"
            },
            "dist": {
                "type": "zip",
                "url": "https://api.github.com/repos/php-fig/log/zipball/4ebe3a8bf773a19edfe0a84b6585ba3d401b724d",
                "reference": "4ebe3a8bf773a19edfe0a84b6585ba3d401b724d",
                "shasum": ""
            },
            "require": {
                "php": ">=5.3.0"
            },
            "type": "library",
            "extra": {
                "branch-alias": {
                    "dev-master": "1.0.x-dev"
                }
            },
            "autoload": {
                "psr-4": {
                    "Psr\\Log\\": "Psr/Log/"
                }
            },
            "notification-url": "https://packagist.org/downloads/",
            "license": [
                "MIT"
            ],
            "authors": [
                {
                    "name": "PHP-FIG",
                    "homepage": "http://www.php-fig.org/"
                }
            ],
            "description": "Common interface for logging libraries",
            "homepage": "https://github.com/php-fig/log",
            "keywords": [
                "log",
                "psr",
                "psr-3"
            ],
            "time": "2016-10-10 12:19:37"
        },
        {
            "name": "seld/jsonlint",
            "version": "1.7.1",
            "source": {
                "type": "git",
                "url": "https://github.com/Seldaek/jsonlint.git",
                "reference": "d15f59a67ff805a44c50ea0516d2341740f81a38"
            },
            "dist": {
                "type": "zip",
                "url": "https://api.github.com/repos/Seldaek/jsonlint/zipball/d15f59a67ff805a44c50ea0516d2341740f81a38",
                "reference": "d15f59a67ff805a44c50ea0516d2341740f81a38",
                "shasum": ""
            },
            "require": {
                "php": "^5.3 || ^7.0"
            },
            "require-dev": {
                "phpunit/phpunit": "^4.8.35 || ^5.7 || ^6.0"
            },
            "bin": [
                "bin/jsonlint"
            ],
            "type": "library",
            "autoload": {
                "psr-4": {
                    "Seld\\JsonLint\\": "src/Seld/JsonLint/"
                }
            },
            "notification-url": "https://packagist.org/downloads/",
            "license": [
                "MIT"
            ],
            "authors": [
                {
                    "name": "Jordi Boggiano",
                    "email": "j.boggiano@seld.be",
                    "homepage": "http://seld.be"
                }
            ],
            "description": "JSON Linter",
            "keywords": [
                "json",
                "linter",
                "parser",
                "validator"
            ],
            "time": "2018-01-24 12:46:19"
        },
        {
            "name": "symfony/console",
            "version": "v4.1.3",
            "source": {
                "type": "git",
                "url": "https://github.com/symfony/console.git",
                "reference": "ca80b8ced97cf07390078b29773dc384c39eee1f"
            },
            "dist": {
                "type": "zip",
                "url": "https://api.github.com/repos/symfony/console/zipball/ca80b8ced97cf07390078b29773dc384c39eee1f",
                "reference": "ca80b8ced97cf07390078b29773dc384c39eee1f",
                "shasum": ""
            },
            "require": {
                "php": "^7.1.3",
                "symfony/polyfill-mbstring": "~1.0"
            },
            "conflict": {
                "symfony/dependency-injection": "<3.4",
                "symfony/process": "<3.3"
            },
            "require-dev": {
                "psr/log": "~1.0",
                "symfony/config": "~3.4|~4.0",
                "symfony/dependency-injection": "~3.4|~4.0",
                "symfony/event-dispatcher": "~3.4|~4.0",
                "symfony/lock": "~3.4|~4.0",
                "symfony/process": "~3.4|~4.0"
            },
            "suggest": {
                "psr/log-implementation": "For using the console logger",
                "symfony/event-dispatcher": "",
                "symfony/lock": "",
                "symfony/process": ""
            },
            "type": "library",
            "extra": {
                "branch-alias": {
                    "dev-master": "4.1-dev"
                }
            },
            "autoload": {
                "psr-4": {
                    "Symfony\\Component\\Console\\": ""
                },
                "exclude-from-classmap": [
                    "/Tests/"
                ]
            },
            "notification-url": "https://packagist.org/downloads/",
            "license": [
                "MIT"
            ],
            "authors": [
                {
                    "name": "Fabien Potencier",
                    "email": "fabien@symfony.com"
                },
                {
                    "name": "Symfony Community",
                    "homepage": "https://symfony.com/contributors"
                }
            ],
            "description": "Symfony Console Component",
            "homepage": "https://symfony.com",
            "time": "2018-07-26 11:24:31"
        },
        {
            "name": "symfony/debug",
            "version": "v4.1.3",
            "source": {
                "type": "git",
                "url": "https://github.com/symfony/debug.git",
                "reference": "9316545571f079c4dd183e674721d9dc783ce196"
            },
            "dist": {
                "type": "zip",
                "url": "https://api.github.com/repos/symfony/debug/zipball/9316545571f079c4dd183e674721d9dc783ce196",
                "reference": "9316545571f079c4dd183e674721d9dc783ce196",
                "shasum": ""
            },
            "require": {
                "php": "^7.1.3",
                "psr/log": "~1.0"
            },
            "conflict": {
                "symfony/http-kernel": "<3.4"
            },
            "require-dev": {
                "symfony/http-kernel": "~3.4|~4.0"
            },
            "type": "library",
            "extra": {
                "branch-alias": {
                    "dev-master": "4.1-dev"
                }
            },
            "autoload": {
                "psr-4": {
                    "Symfony\\Component\\Debug\\": ""
                },
                "exclude-from-classmap": [
                    "/Tests/"
                ]
            },
            "notification-url": "https://packagist.org/downloads/",
            "license": [
                "MIT"
            ],
            "authors": [
                {
                    "name": "Fabien Potencier",
                    "email": "fabien@symfony.com"
                },
                {
                    "name": "Symfony Community",
                    "homepage": "https://symfony.com/contributors"
                }
            ],
            "description": "Symfony Debug Component",
            "homepage": "https://symfony.com",
            "time": "2018-07-26 11:24:31"
        },
        {
            "name": "symfony/filesystem",
            "version": "v4.1.3",
            "source": {
                "type": "git",
                "url": "https://github.com/symfony/filesystem.git",
                "reference": "2e30335e0aafeaa86645555959572fe7cea22b43"
            },
            "dist": {
                "type": "zip",
                "url": "https://api.github.com/repos/symfony/filesystem/zipball/2e30335e0aafeaa86645555959572fe7cea22b43",
                "reference": "2e30335e0aafeaa86645555959572fe7cea22b43",
                "shasum": ""
            },
            "require": {
                "php": "^7.1.3",
                "symfony/polyfill-ctype": "~1.8"
            },
            "type": "library",
            "extra": {
                "branch-alias": {
                    "dev-master": "4.1-dev"
                }
            },
            "autoload": {
                "psr-4": {
                    "Symfony\\Component\\Filesystem\\": ""
                },
                "exclude-from-classmap": [
                    "/Tests/"
                ]
            },
            "notification-url": "https://packagist.org/downloads/",
            "license": [
                "MIT"
            ],
            "authors": [
                {
                    "name": "Fabien Potencier",
                    "email": "fabien@symfony.com"
                },
                {
                    "name": "Symfony Community",
                    "homepage": "https://symfony.com/contributors"
                }
            ],
            "description": "Symfony Filesystem Component",
            "homepage": "https://symfony.com",
            "time": "2018-07-26 11:24:31"
        },
        {
            "name": "symfony/finder",
            "version": "v4.1.3",
            "source": {
                "type": "git",
                "url": "https://github.com/symfony/finder.git",
                "reference": "e162f1df3102d0b7472805a5a9d5db9fcf0a8068"
            },
            "dist": {
                "type": "zip",
                "url": "https://api.github.com/repos/symfony/finder/zipball/e162f1df3102d0b7472805a5a9d5db9fcf0a8068",
                "reference": "e162f1df3102d0b7472805a5a9d5db9fcf0a8068",
                "shasum": ""
            },
            "require": {
                "php": "^7.1.3"
            },
            "type": "library",
            "extra": {
                "branch-alias": {
                    "dev-master": "4.1-dev"
                }
            },
            "autoload": {
                "psr-4": {
                    "Symfony\\Component\\Finder\\": ""
                },
                "exclude-from-classmap": [
                    "/Tests/"
                ]
            },
            "notification-url": "https://packagist.org/downloads/",
            "license": [
                "MIT"
            ],
            "authors": [
                {
                    "name": "Fabien Potencier",
                    "email": "fabien@symfony.com"
                },
                {
                    "name": "Symfony Community",
                    "homepage": "https://symfony.com/contributors"
                }
            ],
            "description": "Symfony Finder Component",
            "homepage": "https://symfony.com",
            "time": "2018-07-26 11:24:31"
        },
        {
            "name": "symfony/options-resolver",
            "version": "v4.1.3",
            "source": {
                "type": "git",
                "url": "https://github.com/symfony/options-resolver.git",
                "reference": "1913f1962477cdbb13df951f8147d5da1fe2412c"
            },
            "dist": {
                "type": "zip",
                "url": "https://api.github.com/repos/symfony/options-resolver/zipball/1913f1962477cdbb13df951f8147d5da1fe2412c",
                "reference": "1913f1962477cdbb13df951f8147d5da1fe2412c",
                "shasum": ""
            },
            "require": {
                "php": "^7.1.3"
            },
            "type": "library",
            "extra": {
                "branch-alias": {
                    "dev-master": "4.1-dev"
                }
            },
            "autoload": {
                "psr-4": {
                    "Symfony\\Component\\OptionsResolver\\": ""
                },
                "exclude-from-classmap": [
                    "/Tests/"
                ]
            },
            "notification-url": "https://packagist.org/downloads/",
            "license": [
                "MIT"
            ],
            "authors": [
                {
                    "name": "Fabien Potencier",
                    "email": "fabien@symfony.com"
                },
                {
                    "name": "Symfony Community",
                    "homepage": "https://symfony.com/contributors"
                }
            ],
            "description": "Symfony OptionsResolver Component",
            "homepage": "https://symfony.com",
            "keywords": [
                "config",
                "configuration",
                "options"
            ],
            "time": "2018-07-26 08:55:25"
        },
        {
            "name": "symfony/polyfill-ctype",
            "version": "v1.9.0",
            "source": {
                "type": "git",
                "url": "https://github.com/symfony/polyfill-ctype.git",
                "reference": "e3d826245268269cd66f8326bd8bc066687b4a19"
            },
            "dist": {
                "type": "zip",
                "url": "https://api.github.com/repos/symfony/polyfill-ctype/zipball/e3d826245268269cd66f8326bd8bc066687b4a19",
                "reference": "e3d826245268269cd66f8326bd8bc066687b4a19",
                "shasum": ""
            },
            "require": {
                "php": ">=5.3.3"
            },
            "suggest": {
                "ext-ctype": "For best performance"
            },
            "type": "library",
            "extra": {
                "branch-alias": {
                    "dev-master": "1.9-dev"
                }
            },
            "autoload": {
                "psr-4": {
                    "Symfony\\Polyfill\\Ctype\\": ""
                },
                "files": [
                    "bootstrap.php"
                ]
            },
            "notification-url": "https://packagist.org/downloads/",
            "license": [
                "MIT"
            ],
            "authors": [
                {
                    "name": "Symfony Community",
                    "homepage": "https://symfony.com/contributors"
                },
                {
                    "name": "Gert de Pagter",
                    "email": "BackEndTea@gmail.com"
                }
            ],
            "description": "Symfony polyfill for ctype functions",
            "homepage": "https://symfony.com",
            "keywords": [
                "compatibility",
                "ctype",
                "polyfill",
                "portable"
            ],
            "time": "2018-08-06 14:22:27"
        },
        {
            "name": "symfony/polyfill-mbstring",
            "version": "v1.9.0",
            "source": {
                "type": "git",
                "url": "https://github.com/symfony/polyfill-mbstring.git",
                "reference": "d0cd638f4634c16d8df4508e847f14e9e43168b8"
            },
            "dist": {
                "type": "zip",
                "url": "https://api.github.com/repos/symfony/polyfill-mbstring/zipball/d0cd638f4634c16d8df4508e847f14e9e43168b8",
                "reference": "d0cd638f4634c16d8df4508e847f14e9e43168b8",
                "shasum": ""
            },
            "require": {
                "php": ">=5.3.3"
            },
            "suggest": {
                "ext-mbstring": "For best performance"
            },
            "type": "library",
            "extra": {
                "branch-alias": {
                    "dev-master": "1.9-dev"
                }
            },
            "autoload": {
                "psr-4": {
                    "Symfony\\Polyfill\\Mbstring\\": ""
                },
                "files": [
                    "bootstrap.php"
                ]
            },
            "notification-url": "https://packagist.org/downloads/",
            "license": [
                "MIT"
            ],
            "authors": [
                {
                    "name": "Nicolas Grekas",
                    "email": "p@tchwork.com"
                },
                {
                    "name": "Symfony Community",
                    "homepage": "https://symfony.com/contributors"
                }
            ],
            "description": "Symfony polyfill for the Mbstring extension",
            "homepage": "https://symfony.com",
            "keywords": [
                "compatibility",
                "mbstring",
                "polyfill",
                "portable",
                "shim"
            ],
            "time": "2018-08-06 14:22:27"
        },
        {
            "name": "symfony/process",
            "version": "v4.1.3",
            "source": {
                "type": "git",
                "url": "https://github.com/symfony/process.git",
                "reference": "f01fc7a4493572f7f506c49dcb50ad01fb3a2f56"
            },
            "dist": {
                "type": "zip",
                "url": "https://api.github.com/repos/symfony/process/zipball/f01fc7a4493572f7f506c49dcb50ad01fb3a2f56",
                "reference": "f01fc7a4493572f7f506c49dcb50ad01fb3a2f56",
                "shasum": ""
            },
            "require": {
                "php": "^7.1.3"
            },
            "type": "library",
            "extra": {
                "branch-alias": {
                    "dev-master": "4.1-dev"
                }
            },
            "autoload": {
                "psr-4": {
                    "Symfony\\Component\\Process\\": ""
                },
                "exclude-from-classmap": [
                    "/Tests/"
                ]
            },
            "notification-url": "https://packagist.org/downloads/",
            "license": [
                "MIT"
            ],
            "authors": [
                {
                    "name": "Fabien Potencier",
                    "email": "fabien@symfony.com"
                },
                {
                    "name": "Symfony Community",
                    "homepage": "https://symfony.com/contributors"
                }
            ],
            "description": "Symfony Process Component",
            "homepage": "https://symfony.com",
            "time": "2018-07-26 11:24:31"
        }
    ],
    "packages-dev": [],
    "aliases": [],
    "minimum-stability": "stable",
    "stability-flags": [],
    "prefer-stable": false,
    "prefer-lowest": false,
    "platform": [],
    "platform-dev": []
}
